
Microsoft Visual Studio Solution File, Format Version 12.00
# Visual Studio Version 17
VisualStudioVersion = 17.4.33122.133
MinimumVisualStudioVersion = 10.0.40219.1
Project("{FAE04EC0-301F-11D3-BF4B-00C04F79EFBC}") = "coreWebApplication1", "coreWebApplication1\coreWebApplication1.csproj", "{24D5CF81-883E-460F-8DDA-DAB059A243C2}"
EndProject
Global
	GlobalSection(SolutionConfigurationPlatforms) = preSolution
		Debug|Any CPU = Debug|Any CPU
		Release|Any CPU = Release|Any CPU
	EndGlobalSection
	GlobalSection(ProjectConfigurationPlatforms) = postSolution
		{24D5CF81-883E-460F-8DDA-DAB059A243C2}.Debug|Any CPU.ActiveCfg = Debug|Any CPU
		{24D5CF81-883E-460F-8DDA-DAB059A243C2}.Debug|Any CPU.Build.0 = Debug|Any CPU
		{24D5CF81-883E-460F-8DDA-DAB059A243C2}.Release|Any CPU.ActiveCfg = Release|Any CPU
		{24D5CF81-883E-460F-8DDA-DAB059A243C2}.Release|Any CPU.Build.0 = Release|Any CPU
	EndGlobalSection
	GlobalSection(SolutionProperties) = preSolution
		HideSolutionNode = FALSE
	EndGlobalSection
	GlobalSection(ExtensibilityGlobals) = postSolution
		SolutionGuid = {1A658F4B-A581-4AE9-8DA7-F13172A80174}
	EndGlobalSection
EndGlobal
